// !$*UTF8*$!
{
	archiveVersion = 1;
	classes = {
	};
	objectVersion = 46;
	objects = {

/* Begin PBXBuildFile section */
		0902298B1DC19799007DD5AF /* TXRTMPSDK.framework in Frameworks */ = {isa = PBXBuildFile; fileRef = 0902298A1DC19799007DD5AF /* TXRTMPSDK.framework */; };
		0948914F1DC0AF0C0056F708 /* RCTConvert+Options.m in Sources */ = {isa = PBXBuildFile; fileRef = 094891481DC0AF0C0056F708 /* RCTConvert+Options.m */; };
		094891501DC0AF0C0056F708 /* RNTXRTMPManager.m in Sources */ = {isa = PBXBuildFile; fileRef = 0948914A1DC0AF0C0056F708 /* RNTXRTMPManager.m */; };
		094891511DC0AF0C0056F708 /* RNTXRTMPModel.m in Sources */ = {isa = PBXBuildFile; fileRef = 0948914C1DC0AF0C0056F708 /* RNTXRTMPModel.m */; };
		094891521DC0AF0C0056F708 /* UIImage+Color.m in Sources */ = {isa = PBXBuildFile; fileRef = 0948914E1DC0AF0C0056F708 /* UIImage+Color.m */; };
		09FDE0D31DC1B78C0086B2AA /* VideoToolbox.framework in Frameworks */ = {isa = PBXBuildFile; fileRef = 09FDE0D21DC1B78C0086B2AA /* VideoToolbox.framework */; };
		09FDE0D51DC1B7970086B2AA /* SystemConfiguration.framework in Frameworks */ = {isa = PBXBuildFile; fileRef = 09FDE0D41DC1B7970086B2AA /* SystemConfiguration.framework */; };
		09FDE0D71DC1B7A60086B2AA /* CoreTelephony.framework in Frameworks */ = {isa = PBXBuildFile; fileRef = 09FDE0D61DC1B7A60086B2AA /* CoreTelephony.framework */; };
		09FDE0D91DC1B7AD0086B2AA /* AVFoundation.framework in Frameworks */ = {isa = PBXBuildFile; fileRef = 09FDE0D81DC1B7AD0086B2AA /* AVFoundation.framework */; };
		09FDE0DB1DC1B7B60086B2AA /* CoreMedia.framework in Frameworks */ = {isa = PBXBuildFile; fileRef = 09FDE0DA1DC1B7B60086B2AA /* CoreMedia.framework */; };
		09FDE0DD1DC1B7C40086B2AA /* CoreGraphics.framework in Frameworks */ = {isa = PBXBuildFile; fileRef = 09FDE0DC1DC1B7C40086B2AA /* CoreGraphics.framework */; };
		09FDE0DF1DC1B7D70086B2AA /* libstdc++.tbd in Frameworks */ = {isa = PBXBuildFile; fileRef = 09FDE0DE1DC1B7D70086B2AA /* libstdc++.tbd */; };
		09FDE0E11DC1B7E20086B2AA /* libz.tbd in Frameworks */ = {isa = PBXBuildFile; fileRef = 09FDE0E01DC1B7E20086B2AA /* libz.tbd */; };
		09FDE0E31DC1B7F00086B2AA /* libiconv.tbd in Frameworks */ = {isa = PBXBuildFile; fileRef = 09FDE0E21DC1B7F00086B2AA /* libiconv.tbd */; };
		09FDE0E51DC1B7F90086B2AA /* libresolv.tbd in Frameworks */ = {isa = PBXBuildFile; fileRef = 09FDE0E41DC1B7F90086B2AA /* libresolv.tbd */; };
/* End PBXBuildFile section */

/* Begin PBXCopyFilesBuildPhase section */
		094891391DC0AEAE0056F708 /* CopyFiles */ = {
			isa = PBXCopyFilesBuildPhase;
			buildActionMask = 2147483647;
			dstPath = "include/$(PRODUCT_NAME)";
			dstSubfolderSpec = 16;
			files = (
			);
			runOnlyForDeploymentPostprocessing = 0;
		};
/* End PBXCopyFilesBuildPhase section */

/* Begin PBXFileReference section */
		0902298A1DC19799007DD5AF /* TXRTMPSDK.framework */ = {isa = PBXFileReference; lastKnownFileType = wrapper.framework; path = TXRTMPSDK.framework; sourceTree = "<group>"; };
		0948913B1DC0AEAE0056F708 /* libreact-native-txrtmppush.a */ = {isa = PBXFileReference; explicitFileType = archive.ar; includeInIndex = 0; path = "libreact-native-txrtmppush.a"; sourceTree = BUILT_PRODUCTS_DIR; };
		094891471DC0AF0C0056F708 /* RCTConvert+Options.h */ = {isa = PBXFileReference; fileEncoding = 4; lastKnownFileType = sourcecode.c.h; path = "RCTConvert+Options.h"; sourceTree = "<group>"; };
		094891481DC0AF0C0056F708 /* RCTConvert+Options.m */ = {isa = PBXFileReference; fileEncoding = 4; lastKnownFileType = sourcecode.c.objc; path = "RCTConvert+Options.m"; sourceTree = "<group>"; };
		094891491DC0AF0C0056F708 /* RNTXRTMPManager.h */ = {isa = PBXFileReference; fileEncoding = 4; lastKnownFileType = sourcecode.c.h; path = RNTXRTMPManager.h; sourceTree = "<group>"; };
		0948914A1DC0AF0C0056F708 /* RNTXRTMPManager.m */ = {isa = PBXFileReference; fileEncoding = 4; lastKnownFileType = sourcecode.c.objc; path = RNTXRTMPManager.m; sourceTree = "<group>"; };
		0948914B1DC0AF0C0056F708 /* RNTXRTMPModel.h */ = {isa = PBXFileReference; fileEncoding = 4; lastKnownFileType = sourcecode.c.h; path = RNTXRTMPModel.h; sourceTree = "<group>"; };
		0948914C1DC0AF0C0056F708 /* RNTXRTMPModel.m */ = {isa = PBXFileReference; fileEncoding = 4; lastKnownFileType = sourcecode.c.objc; path = RNTXRTMPModel.m; sourceTree = "<group>"; };
		0948914D1DC0AF0C0056F708 /* UIImage+Color.h */ = {isa = PBXFileReference; fileEncoding = 4; lastKnownFileType = sourcecode.c.h; path = "UIImage+Color.h"; sourceTree = "<group>"; };
		0948914E1DC0AF0C0056F708 /* UIImage+Color.m */ = {isa = PBXFileReference; fileEncoding = 4; lastKnownFileType = sourcecode.c.objc; path = "UIImage+Color.m"; sourceTree = "<group>"; };
		09FDE0D21DC1B78C0086B2AA /* VideoToolbox.framework */ = {isa = PBXFileReference; lastKnownFileType = wrapper.framework; name = VideoToolbox.framework; path = System/Library/Frameworks/VideoToolbox.framework; sourceTree = SDKROOT; };
		09FDE0D41DC1B7970086B2AA /* SystemConfiguration.framework */ = {isa = PBXFileReference; lastKnownFileType = wrapper.framework; name = SystemConfiguration.framework; path = System/Library/Frameworks/SystemConfiguration.framework; sourceTree = SDKROOT; };
		09FDE0D61DC1B7A60086B2AA /* CoreTelephony.framework */ = {isa = PBXFileReference; lastKnownFileType = wrapper.framework; name = CoreTelephony.framework; path = System/Library/Frameworks/CoreTelephony.framework; sourceTree = SDKROOT; };
		09FDE0D81DC1B7AD0086B2AA /* AVFoundation.framework */ = {isa = PBXFileReference; lastKnownFileType = wrapper.framework; name = AVFoundation.framework; path = System/Library/Frameworks/AVFoundation.framework; sourceTree = SDKROOT; };
		09FDE0DA1DC1B7B60086B2AA /* CoreMedia.framework */ = {isa = PBXFileReference; lastKnownFileType = wrapper.framework; name = CoreMedia.framework; path = System/Library/Frameworks/CoreMedia.framework; sourceTree = SDKROOT; };
		09FDE0DC1DC1B7C40086B2AA /* CoreGraphics.framework */ = {isa = PBXFileReference; lastKnownFileType = wrapper.framework; name = CoreGraphics.framework; path = System/Library/Frameworks/CoreGraphics.framework; sourceTree = SDKROOT; };
		09FDE0DE1DC1B7D70086B2AA /* libstdc++.tbd */ = {isa = PBXFileReference; lastKnownFileType = "sourcecode.text-based-dylib-definition"; name = "libstdc++.tbd"; path = "usr/lib/libstdc++.tbd"; sourceTree = SDKROOT; };
		09FDE0E01DC1B7E20086B2AA /* libz.tbd */ = {isa = PBXFileReference; lastKnownFileType = "sourcecode.text-based-dylib-definition"; name = libz.tbd; path = usr/lib/libz.tbd; sourceTree = SDKROOT; };
		09FDE0E21DC1B7F00086B2AA /* libiconv.tbd */ = {isa = PBXFileReference; lastKnownFileType = "sourcecode.text-based-dylib-definition"; name = libiconv.tbd; path = usr/lib/libiconv.tbd; sourceTree = SDKROOT; };
		09FDE0E41DC1B7F90086B2AA /* libresolv.tbd */ = {isa = PBXFileReference; lastKnownFileType = "sourcecode.text-based-dylib-definition"; name = libresolv.tbd; path = usr/lib/libresolv.tbd; sourceTree = SDKROOT; };
/* End PBXFileReference section */

/* Begin PBXFrameworksBuildPhase section */
		094891381DC0AEAE0056F708 /* Frameworks */ = {
			isa = PBXFrameworksBuildPhase;
			buildActionMask = 2147483647;
			files = (
				09FDE0E51DC1B7F90086B2AA /* libresolv.tbd in Frameworks */,
				09FDE0E31DC1B7F00086B2AA /* libiconv.tbd in Frameworks */,
				09FDE0E11DC1B7E20086B2AA /* libz.tbd in Frameworks */,
				09FDE0DF1DC1B7D70086B2AA /* libstdc++.tbd in Frameworks */,
				09FDE0DD1DC1B7C40086B2AA /* CoreGraphics.framework in Frameworks */,
				09FDE0DB1DC1B7B60086B2AA /* CoreMedia.framework in Frameworks */,
				09FDE0D91DC1B7AD0086B2AA /* AVFoundation.framework in Frameworks */,
				09FDE0D71DC1B7A60086B2AA /* CoreTelephony.framework in Frameworks */,
				09FDE0D51DC1B7970086B2AA /* SystemConfiguration.framework in Frameworks */,
				09FDE0D31DC1B78C0086B2AA /* VideoToolbox.framework in Frameworks */,
				0902298B1DC19799007DD5AF /* TXRTMPSDK.framework in Frameworks */,
			);
			runOnlyForDeploymentPostprocessing = 0;
		};
/* End PBXFrameworksBuildPhase section */

/* Begin PBXGroup section */
		094891321DC0AEAE0056F708 = {
			isa = PBXGroup;
			children = (
				0902298A1DC19799007DD5AF /* TXRTMPSDK.framework */,
				0948913D1DC0AEAE0056F708 /* react-native-txrtmppush */,
				0948913C1DC0AEAE0056F708 /* Products */,
				09FDE0D11DC1B78C0086B2AA /* Frameworks */,
			);
			sourceTree = "<group>";
		};
		0948913C1DC0AEAE0056F708 /* Products */ = {
			isa = PBXGroup;
			children = (
				0948913B1DC0AEAE0056F708 /* libreact-native-txrtmppush.a */,
			);
			name = Products;
			sourceTree = "<group>";
		};
		0948913D1DC0AEAE0056F708 /* react-native-txrtmppush */ = {
			isa = PBXGroup;
			children = (
				094891471DC0AF0C0056F708 /* RCTConvert+Options.h */,
				094891481DC0AF0C0056F708 /* RCTConvert+Options.m */,
				094891491DC0AF0C0056F708 /* RNTXRTMPManager.h */,
				0948914A1DC0AF0C0056F708 /* RNTXRTMPManager.m */,
				0948914B1DC0AF0C0056F708 /* RNTXRTMPModel.h */,
				0948914C1DC0AF0C0056F708 /* RNTXRTMPModel.m */,
				0948914D1DC0AF0C0056F708 /* UIImage+Color.h */,
				0948914E1DC0AF0C0056F708 /* UIImage+Color.m */,
			);
			path = "react-native-txrtmppush";
			sourceTree = "<group>";
		};
		09FDE0D11DC1B78C0086B2AA /* Frameworks */ = {
			isa = PBXGroup;
			children = (
				09FDE0E41DC1B7F90086B2AA /* libresolv.tbd */,
				09FDE0E21DC1B7F00086B2AA /* libiconv.tbd */,
				09FDE0E01DC1B7E20086B2AA /* libz.tbd */,
				09FDE0DE1DC1B7D70086B2AA /* libstdc++.tbd */,
				09FDE0DC1DC1B7C40086B2AA /* CoreGraphics.framework */,
				09FDE0DA1DC1B7B60086B2AA /* CoreMedia.framework */,
				09FDE0D81DC1B7AD0086B2AA /* AVFoundation.framework */,
				09FDE0D61DC1B7A60086B2AA /* CoreTelephony.framework */,
				09FDE0D41DC1B7970086B2AA /* SystemConfiguration.framework */,
				09FDE0D21DC1B78C0086B2AA /* VideoToolbox.framework */,
			);
			name = Frameworks;
			sourceTree = "<group>";
		};
/* End PBXGroup section */

/* Begin PBXNativeTarget section */
		0948913A1DC0AEAE0056F708 /* react-native-txrtmppush */ = {
			isa = PBXNativeTarget;
			buildConfigurationList = 094891441DC0AEAE0056F708 /* Build configuration list for PBXNativeTarget "react-native-txrtmppush" */;
			buildPhases = (
				094891371DC0AEAE0056F708 /* Sources */,
				094891381DC0AEAE0056F708 /* Frameworks */,
				094891391DC0AEAE0056F708 /* CopyFiles */,
			);
			buildRules = (
			);
			dependencies = (
			);
			name = "react-native-txrtmppush";
			productName = "react-native-txrtmppush";
			productReference = 0948913B1DC0AEAE0056F708 /* libreact-native-txrtmppush.a */;
			productType = "com.apple.product-type.library.static";
		};
/* End PBXNativeTarget section */

/* Begin PBXProject section */
		094891331DC0AEAE0056F708 /* Project object */ = {
			isa = PBXProject;
			attributes = {
				LastUpgradeCheck = 0800;
				ORGANIZATIONNAME = dragontrail;
				TargetAttributes = {
					0948913A1DC0AEAE0056F708 = {
						CreatedOnToolsVersion = 8.0;
						DevelopmentTeam = F8A3GH6Q4W;
						ProvisioningStyle = Automatic;
					};
				};
			};
			buildConfigurationList = 094891361DC0AEAE0056F708 /* Build configuration list for PBXProject "react-native-txrtmppush" */;
			compatibilityVersion = "Xcode 3.2";
			developmentRegion = English;
			hasScannedForEncodings = 0;
			knownRegions = (
				en,
			);
			mainGroup = 094891321DC0AEAE0056F708;
			productRefGroup = 0948913C1DC0AEAE0056F708 /* Products */;
			projectDirPath = "";
			projectRoot = "";
			targets = (
				0948913A1DC0AEAE0056F708 /* react-native-txrtmppush */,
			);
		};
/* End PBXProject section */

/* Begin PBXSourcesBuildPhase section */
		094891371DC0AEAE0056F708 /* Sources */ = {
			isa = PBXSourcesBuildPhase;
			buildActionMask = 2147483647;
			files = (
				0948914F1DC0AF0C0056F708 /* RCTConvert+Options.m in Sources */,
				094891521DC0AF0C0056F708 /* UIImage+Color.m in Sources */,
				094891511DC0AF0C0056F708 /* RNTXRTMPModel.m in Sources */,
				094891501DC0AF0C0056F708 /* RNTXRTMPManager.m in Sources */,
			);
			runOnlyForDeploymentPostprocessing = 0;
		};
/* End PBXSourcesBuildPhase section */

/* Begin XCBuildConfiguration section */
		094891421DC0AEAE0056F708 /* Debug */ = {
			isa = XCBuildConfiguration;
			buildSettings = {
				ALWAYS_SEARCH_USER_PATHS = NO;
				CLANG_ANALYZER_NONNULL = YES;
				CLANG_CXX_LANGUAGE_STANDARD = "gnu++0x";
				CLANG_CXX_LIBRARY = "libc++";
				CLANG_ENABLE_MODULES = YES;
				CLANG_ENABLE_OBJC_ARC = YES;
				CLANG_WARN_BOOL_CONVERSION = YES;
				CLANG_WARN_CONSTANT_CONVERSION = YES;
				CLANG_WARN_DIRECT_OBJC_ISA_USAGE = YES_ERROR;
				CLANG_WARN_DOCUMENTATION_COMMENTS = YES;
				CLANG_WARN_EMPTY_BODY = YES;
				CLANG_WARN_ENUM_CONVERSION = YES;
				CLANG_WARN_INFINITE_RECURSION = YES;
				CLANG_WARN_INT_CONVERSION = YES;
				CLANG_WARN_OBJC_ROOT_CLASS = YES_ERROR;
				CLANG_WARN_SUSPICIOUS_MOVES = YES;
				CLANG_WARN_UNREACHABLE_CODE = YES;
				CLANG_WARN__DUPLICATE_METHOD_MATCH = YES;
				"CODE_SIGN_IDENTITY[sdk=iphoneos*]" = "iPhone Developer";
				COPY_PHASE_STRIP = NO;
				DEBUG_INFORMATION_FORMAT = dwarf;
				ENABLE_STRICT_OBJC_MSGSEND = YES;
				ENABLE_TESTABILITY = YES;
				GCC_C_LANGUAGE_STANDARD = gnu99;
				GCC_DYNAMIC_NO_PIC = NO;
				GCC_NO_COMMON_BLOCKS = YES;
				GCC_OPTIMIZATION_LEVEL = 0;
				GCC_PREPROCESSOR_DEFINITIONS = (
					"DEBUG=1",
					"$(inherited)",
				);
				GCC_WARN_64_TO_32_BIT_CONVERSION = YES;
				GCC_WARN_ABOUT_RETURN_TYPE = YES_ERROR;
				GCC_WARN_UNDECLARED_SELECTOR = YES;
				GCC_WARN_UNINITIALIZED_AUTOS = YES_AGGRESSIVE;
				GCC_WARN_UNUSED_FUNCTION = YES;
				GCC_WARN_UNUSED_VARIABLE = YES;
				IPHONEOS_DEPLOYMENT_TARGET = 10.0;
				MTL_ENABLE_DEBUG_INFO = YES;
				ONLY_ACTIVE_ARCH = YES;
				SDKROOT = iphoneos;
			};
			name = Debug;
		};
		094891431DC0AEAE0056F708 /* Release */ = {
			isa = XCBuildConfiguration;
			buildSettings = {
				ALWAYS_SEARCH_USER_PATHS = NO;
				CLANG_ANALYZER_NONNULL = YES;
				CLANG_CXX_LANGUAGE_STANDARD = "gnu++0x";
				CLANG_CXX_LIBRARY = "libc++";
				CLANG_ENABLE_MODULES = YES;
				CLANG_ENABLE_OBJC_ARC = YES;
				CLANG_WARN_BOOL_CONVERSION = YES;
				CLANG_WARN_CONSTANT_CONVERSION = YES;
				CLANG_WARN_DIRECT_OBJC_ISA_USAGE = YES_ERROR;
				CLANG_WARN_DOCUMENTATION_COMMENTS = YES;
				CLANG_WARN_EMPTY_BODY = YES;
				CLANG_WARN_ENUM_CONVERSION = YES;
				CLANG_WARN_INFINITE_RECURSION = YES;
				CLANG_WARN_INT_CONVERSION = YES;
				CLANG_WARN_OBJC_ROOT_CLASS = YES_ERROR;
				CLANG_WARN_SUSPICIOUS_MOVES = YES;
				CLANG_WARN_UNREACHABLE_CODE = YES;
				CLANG_WARN__DUPLICATE_METHOD_MATCH = YES;
				"CODE_SIGN_IDENTITY[sdk=iphoneos*]" = "iPhone Developer";
				COPY_PHASE_STRIP = NO;
				DEBUG_INFORMATION_FORMAT = "dwarf-with-dsym";
				ENABLE_NS_ASSERTIONS = NO;
				ENABLE_STRICT_OBJC_MSGSEND = YES;
				GCC_C_LANGUAGE_STANDARD = gnu99;
				GCC_NO_COMMON_BLOCKS = YES;
				GCC_WARN_64_TO_32_BIT_CONVERSION = YES;
				GCC_WARN_ABOUT_RETURN_TYPE = YES_ERROR;
				GCC_WARN_UNDECLARED_SELECTOR = YES;
				GCC_WARN_UNINITIALIZED_AUTOS = YES_AGGRESSIVE;
				GCC_WARN_UNUSED_FUNCTION = YES;
				GCC_WARN_UNUSED_VARIABLE = YES;
				IPHONEOS_DEPLOYMENT_TARGET = 10.0;
				MTL_ENABLE_DEBUG_INFO = NO;
				SDKROOT = iphoneos;
				VALIDATE_PRODUCT = YES;
			};
			name = Release;
		};
		094891451DC0AEAE0056F708 /* Debug */ = {
			isa = XCBuildConfiguration;
			buildSettings = {
				DEVELOPMENT_TEAM = F8A3GH6Q4W;
				FRAMEWORK_SEARCH_PATHS = (
					"$(inherited)",
					"$(PROJECT_DIR)",
				);
				HEADER_SEARCH_PATHS = "$(SRCROOT)/../../react-native/React/**";
				OTHER_LDFLAGS = "-ObjC";
				PRODUCT_NAME = "$(TARGET_NAME)";
				SKIP_INSTALL = YES;
			};
			name = Debug;
		};
		094891461DC0AEAE0056F708 /* Release */ = {
			isa = XCBuildConfiguration;
			buildSettings = {
				DEVELOPMENT_TEAM = F8A3GH6Q4W;
				FRAMEWORK_SEARCH_PATHS = (
					"$(inherited)",
					"$(PROJECT_DIR)",
				);
				HEADER_SEARCH_PATHS = "$(SRCROOT)/../../react-native/React/**";
				OTHER_LDFLAGS = "-ObjC";
				PRODUCT_NAME = "$(TARGET_NAME)";
				SKIP_INSTALL = YES;
			};
			name = Release;
		};
/* End XCBuildConfiguration section */

/* Begin XCConfigurationList section */
		094891361DC0AEAE0056F708 /* Build configuration list for PBXProject "react-native-txrtmppush" */ = {
			isa = XCConfigurationList;
			buildConfigurations = (
				094891421DC0AEAE0056F708 /* Debug */,
				094891431DC0AEAE0056F708 /* Release */,
			);
			defaultConfigurationIsVisible = 0;
			defaultConfigurationName = Release;
		};
		094891441DC0AEAE0056F708 /* Build configuration list for PBXNativeTarget "react-native-txrtmppush" */ = {
			isa = XCConfigurationList;
			buildConfigurations = (
				094891451DC0AEAE0056F708 /* Debug */,
				094891461DC0AEAE0056F708 /* Release */,
			);
			defaultConfigurationIsVisible = 0;
			defaultConfigurationName = Release;
		};
/* End XCConfigurationList section */
	};
	rootObject = 094891331DC0AEAE0056F708 /* Project object */;
}
